
Microsoft Visual Studio Solution File, Format Version 12.00
# Visual Studio Version 17
VisualStudioVersion = 17.9.34714.143
MinimumVisualStudioVersion = 10.0.40219.1
Project("{FAE04EC0-301F-11D3-BF4B-00C04F79EFBC}") = "DI-ServiceLifeTime", "DI-ServiceLifeTime\DI-ServiceLifeTime.csproj", "{3FC32CC7-6C4F-4110-9696-040EF9FD6C75}"
EndProject
Global
	GlobalSection(SolutionConfigurationPlatforms) = preSolution
		Debug|Any CPU = Debug|Any CPU
		Release|Any CPU = Release|Any CPU
	EndGlobalSection
	GlobalSection(ProjectConfigurationPlatforms) = postSolution
		{3FC32CC7-6C4F-4110-9696-040EF9FD6C75}.Debug|Any CPU.ActiveCfg = Debug|Any CPU
		{3FC32CC7-6C4F-4110-9696-040EF9FD6C75}.Debug|Any CPU.Build.0 = Debug|Any CPU
		{3FC32CC7-6C4F-4110-9696-040EF9FD6C75}.Release|Any CPU.ActiveCfg = Release|Any CPU
		{3FC32CC7-6C4F-4110-9696-040EF9FD6C75}.Release|Any CPU.Build.0 = Release|Any CPU
	EndGlobalSection
	GlobalSection(SolutionProperties) = preSolution
		HideSolutionNode = FALSE
	EndGlobalSection
	GlobalSection(ExtensibilityGlobals) = postSolution
		SolutionGuid = {83AD40C7-7BF6-4022-B613-C7BABE8ADDB1}
	EndGlobalSection
EndGlobal
